
Microsoft Visual Studio Solution File, Format Version 12.00
# Visual Studio Version 17
VisualStudioVersion = 17.12.35514.174 d17.12
MinimumVisualStudioVersion = 10.0.40219.1
Project("{E24C65DC-7377-472B-9ABA-BC803B73C61A}") = "BoB.Config", ".", "{D5781172-7856-469B-85CC-0ECA906F4379}"
	ProjectSection(WebsiteProperties) = preProject
		TargetFrameworkMoniker = ".NETFramework,Version%3Dv4.8.1"
		Debug.AspNetCompiler.VirtualPath = "/localhost_52367"
		Debug.AspNetCompiler.PhysicalPath = "..\BoB.Config\"
		Debug.AspNetCompiler.TargetPath = "PrecompiledWeb\localhost_52367\"
		Debug.AspNetCompiler.Updateable = "true"
		Debug.AspNetCompiler.ForceOverwrite = "true"
		Debug.AspNetCompiler.FixedNames = "false"
		Debug.AspNetCompiler.Debug = "True"
		Release.AspNetCompiler.VirtualPath = "/localhost_52367"
		Release.AspNetCompiler.PhysicalPath = "..\BoB.Config\"
		Release.AspNetCompiler.TargetPath = "PrecompiledWeb\localhost_52367\"
		Release.AspNetCompiler.Updateable = "true"
		Release.AspNetCompiler.ForceOverwrite = "true"
		Release.AspNetCompiler.FixedNames = "false"
		Release.AspNetCompiler.Debug = "False"
		VWDPort = "52367"
		SlnRelativePath = "..\BoB.Config\"
	EndProjectSection
EndProject
Global
	GlobalSection(SolutionConfigurationPlatforms) = preSolution
		Debug|Any CPU = Debug|Any CPU
	EndGlobalSection
	GlobalSection(ProjectConfigurationPlatforms) = postSolution
		{D5781172-7856-469B-85CC-0ECA906F4379}.Debug|Any CPU.ActiveCfg = Debug|Any CPU
		{D5781172-7856-469B-85CC-0ECA906F4379}.Debug|Any CPU.Build.0 = Debug|Any CPU
	EndGlobalSection
	GlobalSection(SolutionProperties) = preSolution
		HideSolutionNode = FALSE
	EndGlobalSection
EndGlobal
